// !$*UTF8*$!
{
	archiveVersion = 1;
	classes = {
	};
	objectVersion = 51;
	objects = {

/* Begin PBXBuildFile section */
		087C48035CAEFECE34989617 /* Pods_Parstagram.framework in Frameworks */ = {isa = PBXBuildFile; fileRef = 5D0E749702BD29A97011F6C3 /* Pods_Parstagram.framework */; };
		49106951E82944D560800C7D /* Pods_ParstagramTests.framework in Frameworks */ = {isa = PBXBuildFile; fileRef = 41EC93329CA5DCDB0C211E76 /* Pods_ParstagramTests.framework */; };
		A0FC723043C830CD7EF819B8 /* Pods_Parstagram_ParstagramUITests.framework in Frameworks */ = {isa = PBXBuildFile; fileRef = 0D8B23FB2079C361DEE0019E /* Pods_Parstagram_ParstagramUITests.framework */; };
		EC0C6ACA25F4AF3900EB5A74 /* AppDelegate.swift in Sources */ = {isa = PBXBuildFile; fileRef = EC0C6AC925F4AF3900EB5A74 /* AppDelegate.swift */; };
		EC0C6ACC25F4AF3900EB5A74 /* SceneDelegate.swift in Sources */ = {isa = PBXBuildFile; fileRef = EC0C6ACB25F4AF3900EB5A74 /* SceneDelegate.swift */; };
		EC0C6AD125F4AF3900EB5A74 /* Main.storyboard in Resources */ = {isa = PBXBuildFile; fileRef = EC0C6ACF25F4AF3900EB5A74 /* Main.storyboard */; };
		EC0C6AD425F4AF3900EB5A74 /* Parstagram.xcdatamodeld in Sources */ = {isa = PBXBuildFile; fileRef = EC0C6AD225F4AF3900EB5A74 /* Parstagram.xcdatamodeld */; };
		EC0C6AD625F4AF3A00EB5A74 /* Assets.xcassets in Resources */ = {isa = PBXBuildFile; fileRef = EC0C6AD525F4AF3A00EB5A74 /* Assets.xcassets */; };
		EC0C6AD925F4AF3A00EB5A74 /* LaunchScreen.storyboard in Resources */ = {isa = PBXBuildFile; fileRef = EC0C6AD725F4AF3A00EB5A74 /* LaunchScreen.storyboard */; };
		EC0C6AE425F4AF3A00EB5A74 /* ParstagramTests.swift in Sources */ = {isa = PBXBuildFile; fileRef = EC0C6AE325F4AF3A00EB5A74 /* ParstagramTests.swift */; };
		EC0C6AEF25F4AF3A00EB5A74 /* ParstagramUITests.swift in Sources */ = {isa = PBXBuildFile; fileRef = EC0C6AEE25F4AF3A00EB5A74 /* ParstagramUITests.swift */; };
		EC1EE53525F737D3003039F3 /* LoginViewController.swift in Sources */ = {isa = PBXBuildFile; fileRef = EC1EE53425F737D3003039F3 /* LoginViewController.swift */; };
		EC1EE53A25F737E5003039F3 /* FeedViewController.swift in Sources */ = {isa = PBXBuildFile; fileRef = EC1EE53925F737E5003039F3 /* FeedViewController.swift */; };
		EC64DA4A25F80B73003E2DCB /* CameraViewController.swift in Sources */ = {isa = PBXBuildFile; fileRef = EC64DA4925F80B73003E2DCB /* CameraViewController.swift */; };
		ECA7B7B826054A7E007FA17B /* CommentCell.swift in Sources */ = {isa = PBXBuildFile; fileRef = ECA7B7B726054A7E007FA17B /* CommentCell.swift */; };
		ECFA16B025F9E4AC001BA181 /* PostCell.swift in Sources */ = {isa = PBXBuildFile; fileRef = ECFA16AF25F9E4AC001BA181 /* PostCell.swift */; };
/* End PBXBuildFile section */

/* Begin PBXContainerItemProxy section */
		EC0C6AE025F4AF3A00EB5A74 /* PBXContainerItemProxy */ = {
			isa = PBXContainerItemProxy;
			containerPortal = EC0C6ABE25F4AF3900EB5A74 /* Project object */;
			proxyType = 1;
			remoteGlobalIDString = EC0C6AC525F4AF3900EB5A74;
			remoteInfo = Parstagram;
		};
		EC0C6AEB25F4AF3A00EB5A74 /* PBXContainerItemProxy */ = {
			isa = PBXContainerItemProxy;
			containerPortal = EC0C6ABE25F4AF3900EB5A74 /* Project object */;
			proxyType = 1;
			remoteGlobalIDString = EC0C6AC525F4AF3900EB5A74;
			remoteInfo = Parstagram;
		};
/* End PBXContainerItemProxy section */

/* Begin PBXFileReference section */
		0D8B23FB2079C361DEE0019E /* Pods_Parstagram_ParstagramUITests.framework */ = {isa = PBXFileReference; explicitFileType = wrapper.framework; includeInIndex = 0; path = Pods_Parstagram_ParstagramUITests.framework; sourceTree = BUILT_PRODUCTS_DIR; };
		3FC38E8606D98792A81DF71E /* Pods-Parstagram-ParstagramUITests.release.xcconfig */ = {isa = PBXFileReference; includeInIndex = 1; lastKnownFileType = text.xcconfig; name = "Pods-Parstagram-ParstagramUITests.release.xcconfig"; path = "Target Support Files/Pods-Parstagram-ParstagramUITests/Pods-Parstagram-ParstagramUITests.release.xcconfig"; sourceTree = "<group>"; };
		41EC93329CA5DCDB0C211E76 /* Pods_ParstagramTests.framework */ = {isa = PBXFileReference; explicitFileType = wrapper.framework; includeInIndex = 0; path = Pods_ParstagramTests.framework; sourceTree = BUILT_PRODUCTS_DIR; };
		59632E42E465185DE7F948E8 /* Pods-Parstagram.release.xcconfig */ = {isa = PBXFileReference; includeInIndex = 1; lastKnownFileType = text.xcconfig; name = "Pods-Parstagram.release.xcconfig"; path = "Target Support Files/Pods-Parstagram/Pods-Parstagram.release.xcconfig"; sourceTree = "<group>"; };
		5D0E749702BD29A97011F6C3 /* Pods_Parstagram.framework */ = {isa = PBXFileReference; explicitFileType = wrapper.framework; includeInIndex = 0; path = Pods_Parstagram.framework; sourceTree = BUILT_PRODUCTS_DIR; };
		B1B181CB7445078A0F7CC387 /* Pods-ParstagramTests.release.xcconfig */ = {isa = PBXFileReference; includeInIndex = 1; lastKnownFileType = text.xcconfig; name = "Pods-ParstagramTests.release.xcconfig"; path = "Target Support Files/Pods-ParstagramTests/Pods-ParstagramTests.release.xcconfig"; sourceTree = "<group>"; };
		C9B0BFEAC56695AC5ABF1BAC /* Pods-Parstagram-ParstagramUITests.debug.xcconfig */ = {isa = PBXFileReference; includeInIndex = 1; lastKnownFileType = text.xcconfig; name = "Pods-Parstagram-ParstagramUITests.debug.xcconfig"; path = "Target Support Files/Pods-Parstagram-ParstagramUITests/Pods-Parstagram-ParstagramUITests.debug.xcconfig"; sourceTree = "<group>"; };
		D4D77E84C8B1C3C445E890A9 /* Pods-ParstagramTests.debug.xcconfig */ = {isa = PBXFileReference; includeInIndex = 1; lastKnownFileType = text.xcconfig; name = "Pods-ParstagramTests.debug.xcconfig"; path = "Target Support Files/Pods-ParstagramTests/Pods-ParstagramTests.debug.xcconfig"; sourceTree = "<group>"; };
		D8691B69B2F36B689FBFDBF4 /* Pods-Parstagram.debug.xcconfig */ = {isa = PBXFileReference; includeInIndex = 1; lastKnownFileType = text.xcconfig; name = "Pods-Parstagram.debug.xcconfig"; path = "Target Support Files/Pods-Parstagram/Pods-Parstagram.debug.xcconfig"; sourceTree = "<group>"; };
		EC0C6AC625F4AF3900EB5A74 /* Parstagram.app */ = {isa = PBXFileReference; explicitFileType = wrapper.application; includeInIndex = 0; path = Parstagram.app; sourceTree = BUILT_PRODUCTS_DIR; };
		EC0C6AC925F4AF3900EB5A74 /* AppDelegate.swift */ = {isa = PBXFileReference; lastKnownFileType = sourcecode.swift; path = AppDelegate.swift; sourceTree = "<group>"; };
		EC0C6ACB25F4AF3900EB5A74 /* SceneDelegate.swift */ = {isa = PBXFileReference; lastKnownFileType = sourcecode.swift; path = SceneDelegate.swift; sourceTree = "<group>"; };
		EC0C6AD025F4AF3900EB5A74 /* Base */ = {isa = PBXFileReference; lastKnownFileType = file.storyboard; name = Base; path = Base.lproj/Main.storyboard; sourceTree = "<group>"; };
		EC0C6AD325F4AF3900EB5A74 /* Parstagram.xcdatamodel */ = {isa = PBXFileReference; lastKnownFileType = wrapper.xcdatamodel; path = Parstagram.xcdatamodel; sourceTree = "<group>"; };
		EC0C6AD525F4AF3A00EB5A74 /* Assets.xcassets */ = {isa = PBXFileReference; lastKnownFileType = folder.assetcatalog; path = Assets.xcassets; sourceTree = "<group>"; };
		EC0C6AD825F4AF3A00EB5A74 /* Base */ = {isa = PBXFileReference; lastKnownFileType = file.storyboard; name = Base; path = Base.lproj/LaunchScreen.storyboard; sourceTree = "<group>"; };
		EC0C6ADA25F4AF3A00EB5A74 /* Info.plist */ = {isa = PBXFileReference; lastKnownFileType = text.plist.xml; path = Info.plist; sourceTree = "<group>"; };
		EC0C6ADF25F4AF3A00EB5A74 /* ParstagramTests.xctest */ = {isa = PBXFileReference; explicitFileType = wrapper.cfbundle; includeInIndex = 0; path = ParstagramTests.xctest; sourceTree = BUILT_PRODUCTS_DIR; };
		EC0C6AE325F4AF3A00EB5A74 /* ParstagramTests.swift */ = {isa = PBXFileReference; lastKnownFileType = sourcecode.swift; path = ParstagramTests.swift; sourceTree = "<group>"; };
		EC0C6AE525F4AF3A00EB5A74 /* Info.plist */ = {isa = PBXFileReference; lastKnownFileType = text.plist.xml; path = Info.plist; sourceTree = "<group>"; };
		EC0C6AEA25F4AF3A00EB5A74 /* ParstagramUITests.xctest */ = {isa = PBXFileReference; explicitFileType = wrapper.cfbundle; includeInIndex = 0; path = ParstagramUITests.xctest; sourceTree = BUILT_PRODUCTS_DIR; };
		EC0C6AEE25F4AF3A00EB5A74 /* ParstagramUITests.swift */ = {isa = PBXFileReference; lastKnownFileType = sourcecode.swift; path = ParstagramUITests.swift; sourceTree = "<group>"; };
		EC0C6AF025F4AF3A00EB5A74 /* Info.plist */ = {isa = PBXFileReference; lastKnownFileType = text.plist.xml; path = Info.plist; sourceTree = "<group>"; };
		EC1EE53425F737D3003039F3 /* LoginViewController.swift */ = {isa = PBXFileReference; lastKnownFileType = sourcecode.swift; path = LoginViewController.swift; sourceTree = "<group>"; };
		EC1EE53925F737E5003039F3 /* FeedViewController.swift */ = {isa = PBXFileReference; lastKnownFileType = sourcecode.swift; path = FeedViewController.swift; sourceTree = "<group>"; };
		EC64DA4925F80B73003E2DCB /* CameraViewController.swift */ = {isa = PBXFileReference; lastKnownFileType = sourcecode.swift; path = CameraViewController.swift; sourceTree = "<group>"; };
		ECA7B7B726054A7E007FA17B /* CommentCell.swift */ = {isa = PBXFileReference; lastKnownFileType = sourcecode.swift; path = CommentCell.swift; sourceTree = "<group>"; };
		ECFA16AF25F9E4AC001BA181 /* PostCell.swift */ = {isa = PBXFileReference; lastKnownFileType = sourcecode.swift; path = PostCell.swift; sourceTree = "<group>"; };
/* End PBXFileReference section */

/* Begin PBXFrameworksBuildPhase section */
		EC0C6AC325F4AF3900EB5A74 /* Frameworks */ = {
			isa = PBXFrameworksBuildPhase;
			buildActionMask = 2147483647;
			files = (
				087C48035CAEFECE34989617 /* Pods_Parstagram.framework in Frameworks */,
			);
			runOnlyForDeploymentPostprocessing = 0;
		};
		EC0C6ADC25F4AF3A00EB5A74 /* Frameworks */ = {
			isa = PBXFrameworksBuildPhase;
			buildActionMask = 2147483647;
			files = (
				49106951E82944D560800C7D /* Pods_ParstagramTests.framework in Frameworks */,
			);
			runOnlyForDeploymentPostprocessing = 0;
		};
		EC0C6AE725F4AF3A00EB5A74 /* Frameworks */ = {
			isa = PBXFrameworksBuildPhase;
			buildActionMask = 2147483647;
			files = (
				A0FC723043C830CD7EF819B8 /* Pods_Parstagram_ParstagramUITests.framework in Frameworks */,
			);
			runOnlyForDeploymentPostprocessing = 0;
		};
/* End PBXFrameworksBuildPhase section */

/* Begin PBXGroup section */
		3B954A2449E0CF9FD007477D /* Frameworks */ = {
			isa = PBXGroup;
			children = (
				5D0E749702BD29A97011F6C3 /* Pods_Parstagram.framework */,
				0D8B23FB2079C361DEE0019E /* Pods_Parstagram_ParstagramUITests.framework */,
				41EC93329CA5DCDB0C211E76 /* Pods_ParstagramTests.framework */,
			);
			name = Frameworks;
			sourceTree = "<group>";
		};
		40F0FCF21F3AD5D4B46E781E /* Pods */ = {
			isa = PBXGroup;
			children = (
				D8691B69B2F36B689FBFDBF4 /* Pods-Parstagram.debug.xcconfig */,
				59632E42E465185DE7F948E8 /* Pods-Parstagram.release.xcconfig */,
				C9B0BFEAC56695AC5ABF1BAC /* Pods-Parstagram-ParstagramUITests.debug.xcconfig */,
				3FC38E8606D98792A81DF71E /* Pods-Parstagram-ParstagramUITests.release.xcconfig */,
				D4D77E84C8B1C3C445E890A9 /* Pods-ParstagramTests.debug.xcconfig */,
				B1B181CB7445078A0F7CC387 /* Pods-ParstagramTests.release.xcconfig */,
			);
			path = Pods;
			sourceTree = "<group>";
		};
		EC0C6ABD25F4AF3900EB5A74 = {
			isa = PBXGroup;
			children = (
				EC0C6AC825F4AF3900EB5A74 /* Parstagram */,
				EC0C6AE225F4AF3A00EB5A74 /* ParstagramTests */,
				EC0C6AED25F4AF3A00EB5A74 /* ParstagramUITests */,
				EC0C6AC725F4AF3900EB5A74 /* Products */,
				40F0FCF21F3AD5D4B46E781E /* Pods */,
				3B954A2449E0CF9FD007477D /* Frameworks */,
			);
			sourceTree = "<group>";
		};
		EC0C6AC725F4AF3900EB5A74 /* Products */ = {
			isa = PBXGroup;
			children = (
				EC0C6AC625F4AF3900EB5A74 /* Parstagram.app */,
				EC0C6ADF25F4AF3A00EB5A74 /* ParstagramTests.xctest */,
				EC0C6AEA25F4AF3A00EB5A74 /* ParstagramUITests.xctest */,
			);
			name = Products;
			sourceTree = "<group>";
		};
		EC0C6AC825F4AF3900EB5A74 /* Parstagram */ = {
			isa = PBXGroup;
			children = (
				EC0C6AC925F4AF3900EB5A74 /* AppDelegate.swift */,
				ECA7B7B726054A7E007FA17B /* CommentCell.swift */,
				EC0C6ACB25F4AF3900EB5A74 /* SceneDelegate.swift */,
				EC0C6ACF25F4AF3900EB5A74 /* Main.storyboard */,
				EC0C6AD525F4AF3A00EB5A74 /* Assets.xcassets */,
				EC0C6AD725F4AF3A00EB5A74 /* LaunchScreen.storyboard */,
				EC0C6ADA25F4AF3A00EB5A74 /* Info.plist */,
				EC0C6AD225F4AF3900EB5A74 /* Parstagram.xcdatamodeld */,
				EC1EE53425F737D3003039F3 /* LoginViewController.swift */,
				EC1EE53925F737E5003039F3 /* FeedViewController.swift */,
				EC64DA4925F80B73003E2DCB /* CameraViewController.swift */,
				ECFA16AF25F9E4AC001BA181 /* PostCell.swift */,
			);
			path = Parstagram;
			sourceTree = "<group>";
		};
		EC0C6AE225F4AF3A00EB5A74 /* ParstagramTests */ = {
			isa = PBXGroup;
			children = (
				EC0C6AE325F4AF3A00EB5A74 /* ParstagramTests.swift */,
				EC0C6AE525F4AF3A00EB5A74 /* Info.plist */,
			);
			path = ParstagramTests;
			sourceTree = "<group>";
		};
		EC0C6AED25F4AF3A00EB5A74 /* ParstagramUITests */ = {
			isa = PBXGroup;
			children = (
				EC0C6AEE25F4AF3A00EB5A74 /* ParstagramUITests.swift */,
				EC0C6AF025F4AF3A00EB5A74 /* Info.plist */,
			);
			path = ParstagramUITests;
			sourceTree = "<group>";
		};
/* End PBXGroup section */

/* Begin PBXNativeTarget section */
		EC0C6AC525F4AF3900EB5A74 /* Parstagram */ = {
			isa = PBXNativeTarget;
			buildConfigurationList = EC0C6AF325F4AF3A00EB5A74 /* Build configuration list for PBXNativeTarget "Parstagram" */;
			buildPhases = (
				50FB26643243168E54FC59AC /* [CP] Check Pods Manifest.lock */,
				EC0C6AC225F4AF3900EB5A74 /* Sources */,
				EC0C6AC325F4AF3900EB5A74 /* Frameworks */,
				EC0C6AC425F4AF3900EB5A74 /* Resources */,
				960C48E0D29412B27D1A88CA /* [CP] Embed Pods Frameworks */,
			);
			buildRules = (
			);
			dependencies = (
			);
			name = Parstagram;
			productName = Parstagram;
			productReference = EC0C6AC625F4AF3900EB5A74 /* Parstagram.app */;
			productType = "com.apple.product-type.application";
		};
		EC0C6ADE25F4AF3A00EB5A74 /* ParstagramTests */ = {
			isa = PBXNativeTarget;
			buildConfigurationList = EC0C6AF625F4AF3A00EB5A74 /* Build configuration list for PBXNativeTarget "ParstagramTests" */;
			buildPhases = (
				8619BF7BC9931166D4F39A97 /* [CP] Check Pods Manifest.lock */,
				EC0C6ADB25F4AF3A00EB5A74 /* Sources */,
				EC0C6ADC25F4AF3A00EB5A74 /* Frameworks */,
				EC0C6ADD25F4AF3A00EB5A74 /* Resources */,
			);
			buildRules = (
			);
			dependencies = (
				EC0C6AE125F4AF3A00EB5A74 /* PBXTargetDependency */,
			);
			name = ParstagramTests;
			productName = ParstagramTests;
			productReference = EC0C6ADF25F4AF3A00EB5A74 /* ParstagramTests.xctest */;
			productType = "com.apple.product-type.bundle.unit-test";
		};
		EC0C6AE925F4AF3A00EB5A74 /* ParstagramUITests */ = {
			isa = PBXNativeTarget;
			buildConfigurationList = EC0C6AF925F4AF3A00EB5A74 /* Build configuration list for PBXNativeTarget "ParstagramUITests" */;
			buildPhases = (
				CE82A21424EEB05D97DDFEC2 /* [CP] Check Pods Manifest.lock */,
				EC0C6AE625F4AF3A00EB5A74 /* Sources */,
				EC0C6AE725F4AF3A00EB5A74 /* Frameworks */,
				EC0C6AE825F4AF3A00EB5A74 /* Resources */,
				CC726CBCA9726ED5791D517E /* [CP] Embed Pods Frameworks */,
			);
			buildRules = (
			);
			dependencies = (
				EC0C6AEC25F4AF3A00EB5A74 /* PBXTargetDependency */,
			);
			name = ParstagramUITests;
			productName = ParstagramUITests;
			productReference = EC0C6AEA25F4AF3A00EB5A74 /* ParstagramUITests.xctest */;
			productType = "com.apple.product-type.bundle.ui-testing";
		};
/* End PBXNativeTarget section */

/* Begin PBXProject section */
		EC0C6ABE25F4AF3900EB5A74 /* Project object */ = {
			isa = PBXProject;
			attributes = {
				LastSwiftUpdateCheck = 1240;
				LastUpgradeCheck = 1240;
				TargetAttributes = {
					EC0C6AC525F4AF3900EB5A74 = {
						CreatedOnToolsVersion = 12.4;
					};
					EC0C6ADE25F4AF3A00EB5A74 = {
						CreatedOnToolsVersion = 12.4;
						TestTargetID = EC0C6AC525F4AF3900EB5A74;
					};
					EC0C6AE925F4AF3A00EB5A74 = {
						CreatedOnToolsVersion = 12.4;
						TestTargetID = EC0C6AC525F4AF3900EB5A74;
					};
				};
			};
			buildConfigurationList = EC0C6AC125F4AF3900EB5A74 /* Build configuration list for PBXProject "Parstagram" */;
			compatibilityVersion = "Xcode 9.3";
			developmentRegion = en;
			hasScannedForEncodings = 0;
			knownRegions = (
				en,
				Base,
			);
			mainGroup = EC0C6ABD25F4AF3900EB5A74;
			productRefGroup = EC0C6AC725F4AF3900EB5A74 /* Products */;
			projectDirPath = "";
			projectRoot = "";
			targets = (
				EC0C6AC525F4AF3900EB5A74 /* Parstagram */,
				EC0C6ADE25F4AF3A00EB5A74 /* ParstagramTests */,
				EC0C6AE925F4AF3A00EB5A74 /* ParstagramUITests */,
			);
		};
/* End PBXProject section */

/* Begin PBXResourcesBuildPhase section */
		EC0C6AC425F4AF3900EB5A74 /* Resources */ = {
			isa = PBXResourcesBuildPhase;
			buildActionMask = 2147483647;
			files = (
				EC0C6AD925F4AF3A00EB5A74 /* LaunchScreen.storyboard in Resources */,
				EC0C6AD625F4AF3A00EB5A74 /* Assets.xcassets in Resources */,
				EC0C6AD125F4AF3900EB5A74 /* Main.storyboard in Resources */,
			);
			runOnlyForDeploymentPostprocessing = 0;
		};
		EC0C6ADD25F4AF3A00EB5A74 /* Resources */ = {
			isa = PBXResourcesBuildPhase;
			buildActionMask = 2147483647;
			files = (
			);
			runOnlyForDeploymentPostprocessing = 0;
		};
		EC0C6AE825F4AF3A00EB5A74 /* Resources */ = {
			isa = PBXResourcesBuildPhase;
			buildActionMask = 2147483647;
			files = (
			);
			runOnlyForDeploymentPostprocessing = 0;
		};
/* End PBXResourcesBuildPhase section */

/* Begin PBXShellScriptBuildPhase section */
		50FB26643243168E54FC59AC /* [CP] Check Pods Manifest.lock */ = {
			isa = PBXShellScriptBuildPhase;
			buildActionMask = 2147483647;
			files = (
			);
			inputFileListPaths = (
			);
			inputPaths = (
				"${PODS_PODFILE_DIR_PATH}/Podfile.lock",
				"${PODS_ROOT}/Manifest.lock",
			);
			name = "[CP] Check Pods Manifest.lock";
			outputFileListPaths = (
			);
			outputPaths = (
				"$(DERIVED_FILE_DIR)/Pods-Parstagram-checkManifestLockResult.txt",
			);
			runOnlyForDeploymentPostprocessing = 0;
			shellPath = /bin/sh;
			shellScript = "diff \"${PODS_PODFILE_DIR_PATH}/Podfile.lock\" \"${PODS_ROOT}/Manifest.lock\" > /dev/null\nif [ $? != 0 ] ; then\n    # print error to STDERR\n    echo \"error: The sandbox is not in sync with the Podfile.lock. Run 'pod install' or update your CocoaPods installation.\" >&2\n    exit 1\nfi\n# This output is used by Xcode 'outputs' to avoid re-running this script phase.\necho \"SUCCESS\" > \"${SCRIPT_OUTPUT_FILE_0}\"\n";
			showEnvVarsInLog = 0;
		};
		8619BF7BC9931166D4F39A97 /* [CP] Check Pods Manifest.lock */ = {
			isa = PBXShellScriptBuildPhase;
			buildActionMask = 2147483647;
			files = (
			);
			inputFileListPaths = (
			);
			inputPaths = (
				"${PODS_PODFILE_DIR_PATH}/Podfile.lock",
				"${PODS_ROOT}/Manifest.lock",
			);
			name = "[CP] Check Pods Manifest.lock";
			outputFileListPaths = (
			);
			outputPaths = (
				"$(DERIVED_FILE_DIR)/Pods-ParstagramTests-checkManifestLockResult.txt",
			);
			runOnlyForDeploymentPostprocessing = 0;
			shellPath = /bin/sh;
			shellScript = "diff \"${PODS_PODFILE_DIR_PATH}/Podfile.lock\" \"${PODS_ROOT}/Manifest.lock\" > /dev/null\nif [ $? != 0 ] ; then\n    # print error to STDERR\n    echo \"error: The sandbox is not in sync with the Podfile.lock. Run 'pod install' or update your CocoaPods installation.\" >&2\n    exit 1\nfi\n# This output is used by Xcode 'outputs' to avoid re-running this script phase.\necho \"SUCCESS\" > \"${SCRIPT_OUTPUT_FILE_0}\"\n";
			showEnvVarsInLog = 0;
		};
		960C48E0D29412B27D1A88CA /* [CP] Embed Pods Frameworks */ = {
			isa = PBXShellScriptBuildPhase;
			buildActionMask = 2147483647;
			files = (
			);
			inputFileListPaths = (
				"${PODS_ROOT}/Target Support Files/Pods-Parstagram/Pods-Parstagram-frameworks-${CONFIGURATION}-input-files.xcfilelist",
			);
			name = "[CP] Embed Pods Frameworks";
			outputFileListPaths = (
				"${PODS_ROOT}/Target Support Files/Pods-Parstagram/Pods-Parstagram-frameworks-${CONFIGURATION}-output-files.xcfilelist",
			);
			runOnlyForDeploymentPostprocessing = 0;
			shellPath = /bin/sh;
			shellScript = "\"${PODS_ROOT}/Target Support Files/Pods-Parstagram/Pods-Parstagram-frameworks.sh\"\n";
			showEnvVarsInLog = 0;
		};
		CC726CBCA9726ED5791D517E /* [CP] Embed Pods Frameworks */ = {
			isa = PBXShellScriptBuildPhase;
			buildActionMask = 2147483647;
			files = (
			);
			inputFileListPaths = (
				"${PODS_ROOT}/Target Support Files/Pods-Parstagram-ParstagramUITests/Pods-Parstagram-ParstagramUITests-frameworks-${CONFIGURATION}-input-files.xcfilelist",
			);
			name = "[CP] Embed Pods Frameworks";
			outputFileListPaths = (
				"${PODS_ROOT}/Target Support Files/Pods-Parstagram-ParstagramUITests/Pods-Parstagram-ParstagramUITests-frameworks-${CONFIGURATION}-output-files.xcfilelist",
			);
			runOnlyForDeploymentPostprocessing = 0;
			shellPath = /bin/sh;
			shellScript = "\"${PODS_ROOT}/Target Support Files/Pods-Parstagram-ParstagramUITests/Pods-Parstagram-ParstagramUITests-frameworks.sh\"\n";
			showEnvVarsInLog = 0;
		};
		CE82A21424EEB05D97DDFEC2 /* [CP] Check Pods Manifest.lock */ = {
			isa = PBXShellScriptBuildPhase;
			buildActionMask = 2147483647;
			files = (
			);
			inputFileListPaths = (
			);
			inputPaths = (
				"${PODS_PODFILE_DIR_PATH}/Podfile.lock",
				"${PODS_ROOT}/Manifest.lock",
			);
			name = "[CP] Check Pods Manifest.lock";
			outputFileListPaths = (
			);
			outputPaths = (
				"$(DERIVED_FILE_DIR)/Pods-Parstagram-ParstagramUITests-checkManifestLockResult.txt",
			);
			runOnlyForDeploymentPostprocessing = 0;
			shellPath = /bin/sh;
			shellScript = "diff \"${PODS_PODFILE_DIR_PATH}/Podfile.lock\" \"${PODS_ROOT}/Manifest.lock\" > /dev/null\nif [ $? != 0 ] ; then\n    # print error to STDERR\n    echo \"error: The sandbox is not in sync with the Podfile.lock. Run 'pod install' or update your CocoaPods installation.\" >&2\n    exit 1\nfi\n# This output is used by Xcode 'outputs' to avoid re-running this script phase.\necho \"SUCCESS\" > \"${SCRIPT_OUTPUT_FILE_0}\"\n";
			showEnvVarsInLog = 0;
		};
/* End PBXShellScriptBuildPhase section */

/* Begin PBXSourcesBuildPhase section */
		EC0C6AC225F4AF3900EB5A74 /* Sources */ = {
			isa = PBXSourcesBuildPhase;
			buildActionMask = 2147483647;
			files = (
				ECFA16B025F9E4AC001BA181 /* PostCell.swift in Sources */,
				EC1EE53525F737D3003039F3 /* LoginViewController.swift in Sources */,
				EC0C6AD425F4AF3900EB5A74 /* Parstagram.xcdatamodeld in Sources */,
				EC1EE53A25F737E5003039F3 /* FeedViewController.swift in Sources */,
				EC0C6ACA25F4AF3900EB5A74 /* AppDelegate.swift in Sources */,
				EC0C6ACC25F4AF3900EB5A74 /* SceneDelegate.swift in Sources */,
				EC64DA4A25F80B73003E2DCB /* CameraViewController.swift in Sources */,
				ECA7B7B826054A7E007FA17B /* CommentCell.swift in Sources */,
			);
			runOnlyForDeploymentPostprocessing = 0;
		};
		EC0C6ADB25F4AF3A00EB5A74 /* Sources */ = {
			isa = PBXSourcesBuildPhase;
			buildActionMask = 2147483647;
			files = (
				EC0C6AE425F4AF3A00EB5A74 /* ParstagramTests.swift in Sources */,
			);
			runOnlyForDeploymentPostprocessing = 0;
		};
		EC0C6AE625F4AF3A00EB5A74 /* Sources */ = {
			isa = PBXSourcesBuildPhase;
			buildActionMask = 2147483647;
			files = (
				EC0C6AEF25F4AF3A00EB5A74 /* ParstagramUITests.swift in Sources */,
			);
			runOnlyForDeploymentPostprocessing = 0;
		};
/* End PBXSourcesBuildPhase section */

/* Begin PBXTargetDependency section */
		EC0C6AE125F4AF3A00EB5A74 /* PBXTargetDependency */ = {
			isa = PBXTargetDependency;
			target = EC0C6AC525F4AF3900EB5A74 /* Parstagram */;
			targetProxy = EC0C6AE025F4AF3A00EB5A74 /* PBXContainerItemProxy */;
		};
		EC0C6AEC25F4AF3A00EB5A74 /* PBXTargetDependency */ = {
			isa = PBXTargetDependency;
			target = EC0C6AC525F4AF3900EB5A74 /* Parstagram */;
			targetProxy = EC0C6AEB25F4AF3A00EB5A74 /* PBXContainerItemProxy */;
		};
/* End PBXTargetDependency section */

/* Begin PBXVariantGroup section */
		EC0C6ACF25F4AF3900EB5A74 /* Main.storyboard */ = {
			isa = PBXVariantGroup;
			children = (
				EC0C6AD025F4AF3900EB5A74 /* Base */,
			);
			name = Main.storyboard;
			sourceTree = "<group>";
		};
		EC0C6AD725F4AF3A00EB5A74 /* LaunchScreen.storyboard */ = {
			isa = PBXVariantGroup;
			children = (
				EC0C6AD825F4AF3A00EB5A74 /* Base */,
			);
			name = LaunchScreen.storyboard;
			sourceTree = "<group>";
		};
/* End PBXVariantGroup section */

/* Begin XCBuildConfiguration section */
		EC0C6AF125F4AF3A00EB5A74 /* Debug */ = {
			isa = XCBuildConfiguration;
			buildSettings = {
				ALWAYS_SEARCH_USER_PATHS = NO;
				CLANG_ANALYZER_NONNULL = YES;
				CLANG_ANALYZER_NUMBER_OBJECT_CONVERSION = YES_AGGRESSIVE;
				CLANG_CXX_LANGUAGE_STANDARD = "gnu++14";
				CLANG_CXX_LIBRARY = "libc++";
				CLANG_ENABLE_MODULES = YES;
				CLANG_ENABLE_OBJC_ARC = YES;
				CLANG_ENABLE_OBJC_WEAK = YES;
				CLANG_WARN_BLOCK_CAPTURE_AUTORELEASING = YES;
				CLANG_WARN_BOOL_CONVERSION = YES;
				CLANG_WARN_COMMA = YES;
				CLANG_WARN_CONSTANT_CONVERSION = YES;
				CLANG_WARN_DEPRECATED_OBJC_IMPLEMENTATIONS = YES;
				CLANG_WARN_DIRECT_OBJC_ISA_USAGE = YES_ERROR;
				CLANG_WARN_DOCUMENTATION_COMMENTS = YES;
				CLANG_WARN_EMPTY_BODY = YES;
				CLANG_WARN_ENUM_CONVERSION = YES;
				CLANG_WARN_INFINITE_RECURSION = YES;
				CLANG_WARN_INT_CONVERSION = YES;
				CLANG_WARN_NON_LITERAL_NULL_CONVERSION = YES;
				CLANG_WARN_OBJC_IMPLICIT_RETAIN_SELF = YES;
				CLANG_WARN_OBJC_LITERAL_CONVERSION = YES;
				CLANG_WARN_OBJC_ROOT_CLASS = YES_ERROR;
				CLANG_WARN_QUOTED_INCLUDE_IN_FRAMEWORK_HEADER = YES;
				CLANG_WARN_RANGE_LOOP_ANALYSIS = YES;
				CLANG_WARN_STRICT_PROTOTYPES = YES;
				CLANG_WARN_SUSPICIOUS_MOVE = YES;
				CLANG_WARN_UNGUARDED_AVAILABILITY = YES_AGGRESSIVE;
				CLANG_WARN_UNREACHABLE_CODE = YES;
				CLANG_WARN__DUPLICATE_METHOD_MATCH = YES;
				COPY_PHASE_STRIP = NO;
				DEBUG_INFORMATION_FORMAT = dwarf;
				ENABLE_STRICT_OBJC_MSGSEND = YES;
				ENABLE_TESTABILITY = YES;
				GCC_C_LANGUAGE_STANDARD = gnu11;
				GCC_DYNAMIC_NO_PIC = NO;
				GCC_NO_COMMON_BLOCKS = YES;
				GCC_OPTIMIZATION_LEVEL = 0;
				GCC_PREPROCESSOR_DEFINITIONS = (
					"DEBUG=1",
					"$(inherited)",
				);
				GCC_WARN_64_TO_32_BIT_CONVERSION = YES;
				GCC_WARN_ABOUT_RETURN_TYPE = YES_ERROR;
				GCC_WARN_UNDECLARED_SELECTOR = YES;
				GCC_WARN_UNINITIALIZED_AUTOS = YES_AGGRESSIVE;
				GCC_WARN_UNUSED_FUNCTION = YES;
				GCC_WARN_UNUSED_VARIABLE = YES;
				IPHONEOS_DEPLOYMENT_TARGET = 14.4;
				MTL_ENABLE_DEBUG_INFO = INCLUDE_SOURCE;
				MTL_FAST_MATH = YES;
				ONLY_ACTIVE_ARCH = YES;
				SDKROOT = iphoneos;
				SWIFT_ACTIVE_COMPILATION_CONDITIONS = DEBUG;
				SWIFT_OPTIMIZATION_LEVEL = "-Onone";
			};
			name = Debug;
		};
		EC0C6AF225F4AF3A00EB5A74 /* Release */ = {
			isa = XCBuildConfiguration;
			buildSettings = {
				ALWAYS_SEARCH_USER_PATHS = NO;
				CLANG_ANALYZER_NONNULL = YES;
				CLANG_ANALYZER_NUMBER_OBJECT_CONVERSION = YES_AGGRESSIVE;
				CLANG_CXX_LANGUAGE_STANDARD = "gnu++14";
				CLANG_CXX_LIBRARY = "libc++";
				CLANG_ENABLE_MODULES = YES;
				CLANG_ENABLE_OBJC_ARC = YES;
				CLANG_ENABLE_OBJC_WEAK = YES;
				CLANG_WARN_BLOCK_CAPTURE_AUTORELEASING = YES;
				CLANG_WARN_BOOL_CONVERSION = YES;
				CLANG_WARN_COMMA = YES;
				CLANG_WARN_CONSTANT_CONVERSION = YES;
				CLANG_WARN_DEPRECATED_OBJC_IMPLEMENTATIONS = YES;
				CLANG_WARN_DIRECT_OBJC_ISA_USAGE = YES_ERROR;
				CLANG_WARN_DOCUMENTATION_COMMENTS = YES;
				CLANG_WARN_EMPTY_BODY = YES;
				CLANG_WARN_ENUM_CONVERSION = YES;
				CLANG_WARN_INFINITE_RECURSION = YES;
				CLANG_WARN_INT_CONVERSION = YES;
				CLANG_WARN_NON_LITERAL_NULL_CONVERSION = YES;
				CLANG_WARN_OBJC_IMPLICIT_RETAIN_SELF = YES;
				CLANG_WARN_OBJC_LITERAL_CONVERSION = YES;
				CLANG_WARN_OBJC_ROOT_CLASS = YES_ERROR;
				CLANG_WARN_QUOTED_INCLUDE_IN_FRAMEWORK_HEADER = YES;
				CLANG_WARN_RANGE_LOOP_ANALYSIS = YES;
				CLANG_WARN_STRICT_PROTOTYPES = YES;
				CLANG_WARN_SUSPICIOUS_MOVE = YES;
				CLANG_WARN_UNGUARDED_AVAILABILITY = YES_AGGRESSIVE;
				CLANG_WARN_UNREACHABLE_CODE = YES;
				CLANG_WARN__DUPLICATE_METHOD_MATCH = YES;
				COPY_PHASE_STRIP = NO;
				DEBUG_INFORMATION_FORMAT = "dwarf-with-dsym";
				ENABLE_NS_ASSERTIONS = NO;
				ENABLE_STRICT_OBJC_MSGSEND = YES;
				GCC_C_LANGUAGE_STANDARD = gnu11;
				GCC_NO_COMMON_BLOCKS = YES;
				GCC_WARN_64_TO_32_BIT_CONVERSION = YES;
				GCC_WARN_ABOUT_RETURN_TYPE = YES_ERROR;
				GCC_WARN_UNDECLARED_SELECTOR = YES;
				GCC_WARN_UNINITIALIZED_AUTOS = YES_AGGRESSIVE;
				GCC_WARN_UNUSED_FUNCTION = YES;
				GCC_WARN_UNUSED_VARIABLE = YES;
				IPHONEOS_DEPLOYMENT_TARGET = 14.4;
				MTL_ENABLE_DEBUG_INFO = NO;
				MTL_FAST_MATH = YES;
				SDKROOT = iphoneos;
				SWIFT_COMPILATION_MODE = wholemodule;
				SWIFT_OPTIMIZATION_LEVEL = "-O";
				VALIDATE_PRODUCT = YES;
			};
			name = Release;
		};
		EC0C6AF425F4AF3A00EB5A74 /* Debug */ = {
			isa = XCBuildConfiguration;
			baseConfigurationReference = D8691B69B2F36B689FBFDBF4 /* Pods-Parstagram.debug.xcconfig */;
			buildSettings = {
				ASSETCATALOG_COMPILER_APPICON_NAME = AppIcon;
				ASSETCATALOG_COMPILER_GLOBAL_ACCENT_COLOR_NAME = AccentColor;
				CODE_SIGN_STYLE = Automatic;
				DEVELOPMENT_TEAM = B58G97JZC9;
				INFOPLIST_FILE = Parstagram/Info.plist;
				LD_RUNPATH_SEARCH_PATHS = (
					"$(inherited)",
					"@executable_path/Frameworks",
				);
				PRODUCT_BUNDLE_IDENTIFIER = CodePath.Parstagram;
				PRODUCT_NAME = "$(TARGET_NAME)";
				SWIFT_VERSION = 5.0;
				TARGETED_DEVICE_FAMILY = "1,2";
			};
			name = Debug;
		};
		EC0C6AF525F4AF3A00EB5A74 /* Release */ = {
			isa = XCBuildConfiguration;
			baseConfigurationReference = 59632E42E465185DE7F948E8 /* Pods-Parstagram.release.xcconfig */;
			buildSettings = {
				ASSETCATALOG_COMPILER_APPICON_NAME = AppIcon;
				ASSETCATALOG_COMPILER_GLOBAL_ACCENT_COLOR_NAME = AccentColor;
				CODE_SIGN_STYLE = Automatic;
				DEVELOPMENT_TEAM = B58G97JZC9;
				INFOPLIST_FILE = Parstagram/Info.plist;
				LD_RUNPATH_SEARCH_PATHS = (
					"$(inherited)",
					"@executable_path/Frameworks",
				);
				PRODUCT_BUNDLE_IDENTIFIER = CodePath.Parstagram;
				PRODUCT_NAME = "$(TARGET_NAME)";
				SWIFT_VERSION = 5.0;
				TARGETED_DEVICE_FAMILY = "1,2";
			};
			name = Release;
		};
		EC0C6AF725F4AF3A00EB5A74 /* Debug */ = {
			isa = XCBuildConfiguration;
			baseConfigurationReference = D4D77E84C8B1C3C445E890A9 /* Pods-ParstagramTests.debug.xcconfig */;
			buildSettings = {
				ALWAYS_EMBED_SWIFT_STANDARD_LIBRARIES = YES;
				BUNDLE_LOADER = "$(TEST_HOST)";
				CODE_SIGN_STYLE = Automatic;
				DEVELOPMENT_TEAM = B58G97JZC9;
				INFOPLIST_FILE = ParstagramTests/Info.plist;
				IPHONEOS_DEPLOYMENT_TARGET = 14.4;
				LD_RUNPATH_SEARCH_PATHS = (
					"$(inherited)",
					"@executable_path/Frameworks",
					"@loader_path/Frameworks",
				);
				PRODUCT_BUNDLE_IDENTIFIER = CodePath.ParstagramTests;
				PRODUCT_NAME = "$(TARGET_NAME)";
				SWIFT_VERSION = 5.0;
				TARGETED_DEVICE_FAMILY = "1,2";
				TEST_HOST = "$(BUILT_PRODUCTS_DIR)/Parstagram.app/Parstagram";
			};
			name = Debug;
		};
		EC0C6AF825F4AF3A00EB5A74 /* Release */ = {
			isa = XCBuildConfiguration;
			baseConfigurationReference = B1B181CB7445078A0F7CC387 /* Pods-ParstagramTests.release.xcconfig */;
			buildSettings = {
				ALWAYS_EMBED_SWIFT_STANDARD_LIBRARIES = YES;
				BUNDLE_LOADER = "$(TEST_HOST)";
				CODE_SIGN_STYLE = Automatic;
				DEVELOPMENT_TEAM = B58G97JZC9;
				INFOPLIST_FILE = ParstagramTests/Info.plist;
				IPHONEOS_DEPLOYMENT_TARGET = 14.4;
				LD_RUNPATH_SEARCH_PATHS = (
					"$(inherited)",
					"@executable_path/Frameworks",
					"@loader_path/Frameworks",
				);
				PRODUCT_BUNDLE_IDENTIFIER = CodePath.ParstagramTests;
				PRODUCT_NAME = "$(TARGET_NAME)";
				SWIFT_VERSION = 5.0;
				TARGETED_DEVICE_FAMILY = "1,2";
				TEST_HOST = "$(BUILT_PRODUCTS_DIR)/Parstagram.app/Parstagram";
			};
			name = Release;
		};
		EC0C6AFA25F4AF3A00EB5A74 /* Debug */ = {
			isa = XCBuildConfiguration;
			baseConfigurationReference = C9B0BFEAC56695AC5ABF1BAC /* Pods-Parstagram-ParstagramUITests.debug.xcconfig */;
			buildSettings = {
				ALWAYS_EMBED_SWIFT_STANDARD_LIBRARIES = YES;
				CODE_SIGN_STYLE = Automatic;
				DEVELOPMENT_TEAM = B58G97JZC9;
				INFOPLIST_FILE = ParstagramUITests/Info.plist;
				LD_RUNPATH_SEARCH_PATHS = (
					"$(inherited)",
					"@executable_path/Frameworks",
					"@loader_path/Frameworks",
				);
				PRODUCT_BUNDLE_IDENTIFIER = CodePath.ParstagramUITests;
				PRODUCT_NAME = "$(TARGET_NAME)";
				SWIFT_VERSION = 5.0;
				TARGETED_DEVICE_FAMILY = "1,2";
				TEST_TARGET_NAME = Parstagram;
			};
			name = Debug;
		};
		EC0C6AFB25F4AF3A00EB5A74 /* Release */ = {
			isa = XCBuildConfiguration;
			baseConfigurationReference = 3FC38E8606D98792A81DF71E /* Pods-Parstagram-ParstagramUITests.release.xcconfig */;
			buildSettings = {
				ALWAYS_EMBED_SWIFT_STANDARD_LIBRARIES = YES;
				CODE_SIGN_STYLE = Automatic;
				DEVELOPMENT_TEAM = B58G97JZC9;
				INFOPLIST_FILE = ParstagramUITests/Info.plist;
				LD_RUNPATH_SEARCH_PATHS = (
					"$(inherited)",
					"@executable_path/Frameworks",
					"@loader_path/Frameworks",
				);
				PRODUCT_BUNDLE_IDENTIFIER = CodePath.ParstagramUITests;
				PRODUCT_NAME = "$(TARGET_NAME)";
				SWIFT_VERSION = 5.0;
				TARGETED_DEVICE_FAMILY = "1,2";
				TEST_TARGET_NAME = Parstagram;
			};
			name = Release;
		};
/* End XCBuildConfiguration section */

/* Begin XCConfigurationList section */
		EC0C6AC125F4AF3900EB5A74 /* Build configuration list for PBXProject "Parstagram" */ = {
			isa = XCConfigurationList;
			buildConfigurations = (
				EC0C6AF125F4AF3A00EB5A74 /* Debug */,
				EC0C6AF225F4AF3A00EB5A74 /* Release */,
			);
			defaultConfigurationIsVisible = 0;
			defaultConfigurationName = Release;
		};
		EC0C6AF325F4AF3A00EB5A74 /* Build configuration list for PBXNativeTarget "Parstagram" */ = {
			isa = XCConfigurationList;
			buildConfigurations = (
				EC0C6AF425F4AF3A00EB5A74 /* Debug */,
				EC0C6AF525F4AF3A00EB5A74 /* Release */,
			);
			defaultConfigurationIsVisible = 0;
			defaultConfigurationName = Release;
		};
		EC0C6AF625F4AF3A00EB5A74 /* Build configuration list for PBXNativeTarget "ParstagramTests" */ = {
			isa = XCConfigurationList;
			buildConfigurations = (
				EC0C6AF725F4AF3A00EB5A74 /* Debug */,
				EC0C6AF825F4AF3A00EB5A74 /* Release */,
			);
			defaultConfigurationIsVisible = 0;
			defaultConfigurationName = Release;
		};
		EC0C6AF925F4AF3A00EB5A74 /* Build configuration list for PBXNativeTarget "ParstagramUITests" */ = {
			isa = XCConfigurationList;
			buildConfigurations = (
				EC0C6AFA25F4AF3A00EB5A74 /* Debug */,
				EC0C6AFB25F4AF3A00EB5A74 /* Release */,
			);
			defaultConfigurationIsVisible = 0;
			defaultConfigurationName = Release;
		};
/* End XCConfigurationList section */

/* Begin XCVersionGroup section */
		EC0C6AD225F4AF3900EB5A74 /* Parstagram.xcdatamodeld */ = {
			isa = XCVersionGroup;
			children = (
				EC0C6AD325F4AF3900EB5A74 /* Parstagram.xcdatamodel */,
			);
			currentVersion = EC0C6AD325F4AF3900EB5A74 /* Parstagram.xcdatamodel */;
			path = Parstagram.xcdatamodeld;
			sourceTree = "<group>";
			versionGroupType = wrapper.xcdatamodel;
		};
/* End XCVersionGroup section */
	};
	rootObject = EC0C6ABE25F4AF3900EB5A74 /* Project object */;
}
